Microsoft Visual Studio Solution File, Format Version 12.00
# Visual Studio 2012
Project("{FAE04EC0-301F-11D3-BF4B-00C04F79EFBC}") = "return-to-fortress", "return-to-fortress.csproj", "{21E621A1-AE51-4EF4-B6DA-CF6B48E9A13C}"
EndProject
Global
	GlobalSection(SolutionConfigurationPlatforms) = preSolution
	Debug|Any CPU = Debug|Any CPU
	ExportDebug|Any CPU = ExportDebug|Any CPU
	ExportRelease|Any CPU = ExportRelease|Any CPU
	EndGlobalSection
	GlobalSection(ProjectConfigurationPlatforms) = postSolution
		{21E621A1-AE51-4EF4-B6DA-CF6B48E9A13C}.Debug|Any CPU.ActiveCfg = Debug|Any CPU
		{21E621A1-AE51-4EF4-B6DA-CF6B48E9A13C}.Debug|Any CPU.Build.0 = Debug|Any CPU
		{21E621A1-AE51-4EF4-B6DA-CF6B48E9A13C}.ExportDebug|Any CPU.ActiveCfg = ExportDebug|Any CPU
		{21E621A1-AE51-4EF4-B6DA-CF6B48E9A13C}.ExportDebug|Any CPU.Build.0 = ExportDebug|Any CPU
		{21E621A1-AE51-4EF4-B6DA-CF6B48E9A13C}.ExportRelease|Any CPU.ActiveCfg = ExportRelease|Any CPU
		{21E621A1-AE51-4EF4-B6DA-CF6B48E9A13C}.ExportRelease|Any CPU.Build.0 = ExportRelease|Any CPU
	EndGlobalSection
EndGlobal
